
Microsoft Visual Studio Solution File, Format Version 12.00
# Visual Studio Version 17
VisualStudioVersion = 17.5.33530.505
MinimumVisualStudioVersion = 10.0.40219.1
Project("{2150E333-8FDC-42A3-9474-1A3956D46DE8}") = "src", "src", "{6CD04262-1C23-44E6-A6E1-84E878680E8F}"
EndProject
Project("{2150E333-8FDC-42A3-9474-1A3956D46DE8}") = "ApiGateway", "ApiGateway", "{F078304F-8B41-4A1E-9743-3D237BF3290B}"
EndProject
Project("{2150E333-8FDC-42A3-9474-1A3956D46DE8}") = "Services", "Services", "{AB907096-55F9-42B0-9E06-468FE49492AD}"
EndProject
Project("{2150E333-8FDC-42A3-9474-1A3956D46DE8}") = "WebApp", "WebApp", "{CEE62155-8512-4D34-BC97-A22EED34677F}"
EndProject
Project("{2150E333-8FDC-42A3-9474-1A3956D46DE8}") = "Products", "Products", "{3AF0FDC8-C2F6-4BD6-BF66-786CFD004F01}"
EndProject
Project("{9A19103F-16F7-4668-BE54-9A1E7A4F7556}") = "Products", "Products\Products.csproj", "{E6A227A1-294C-41A3-95F0-3B43D8F1A95E}"
EndProject
Project("{2150E333-8FDC-42A3-9474-1A3956D46DE8}") = "Common", "Common", "{87012660-007F-400B-8EA4-9F658120CD4C}"
EndProject
Project("{2150E333-8FDC-42A3-9474-1A3956D46DE8}") = "Orders", "Orders", "{AD5FE005-30FC-4C2A-9E79-88B9D5D63DF6}"
EndProject
Project("{2150E333-8FDC-42A3-9474-1A3956D46DE8}") = "Sourcing", "Sourcing", "{7C477E1C-AA51-4ED4-B3B8-C6DA381FB460}"
EndProject
Project("{E53339B2-1760-4266-BCC7-CA923CBCF16C}") = "docker-compose", "docker-compose.dcproj", "{6D21205D-C930-4DB7-8B08-D1E9517DB14E}"
EndProject
Project("{9A19103F-16F7-4668-BE54-9A1E7A4F7556}") = "Esourcing.Sourcing", "Esourcing.Sourcing\Esourcing.Sourcing.csproj", "{B5FCF6DB-E519-4986-99E0-AC19AA9DE7DE}"
EndProject
Project("{9A19103F-16F7-4668-BE54-9A1E7A4F7556}") = "EventBusRabbitMQ", "EventBusRabbitMQ\EventBusRabbitMQ.csproj", "{7C43DA25-0A59-47B8-A2B0-F956153C6719}"
EndProject
Project("{9A19103F-16F7-4668-BE54-9A1E7A4F7556}") = "Ordering.Domain", "OrderingDomain\Ordering.Domain.csproj", "{B9F40DFD-0D6A-4105-A7B7-157B31516B2C}"
EndProject
Project("{9A19103F-16F7-4668-BE54-9A1E7A4F7556}") = "Ordering.Application", "Ordering.Application\Ordering.Application.csproj", "{40A061C4-1589-4F24-8AA3-82A6C5F60998}"
EndProject
Project("{9A19103F-16F7-4668-BE54-9A1E7A4F7556}") = "Ordering.Infrasructure", "Ordering.Infrasructure\Ordering.Infrasructure.csproj", "{08A093CC-0B8E-4E1C-A36D-F403F164266F}"
EndProject
Project("{9A19103F-16F7-4668-BE54-9A1E7A4F7556}") = "ESourcing.Orders", "ESourcing.Orders\ESourcing.Orders.csproj", "{5141B7B2-A07B-426E-8569-D8538EC0C224}"
EndProject
Global
	GlobalSection(SolutionConfigurationPlatforms) = preSolution
		Debug|Any CPU = Debug|Any CPU
		Release|Any CPU = Release|Any CPU
	EndGlobalSection
	GlobalSection(ProjectConfigurationPlatforms) = postSolution
		{E6A227A1-294C-41A3-95F0-3B43D8F1A95E}.Debug|Any CPU.ActiveCfg = Debug|Any CPU
		{E6A227A1-294C-41A3-95F0-3B43D8F1A95E}.Debug|Any CPU.Build.0 = Debug|Any CPU
		{E6A227A1-294C-41A3-95F0-3B43D8F1A95E}.Release|Any CPU.ActiveCfg = Release|Any CPU
		{E6A227A1-294C-41A3-95F0-3B43D8F1A95E}.Release|Any CPU.Build.0 = Release|Any CPU
		{6D21205D-C930-4DB7-8B08-D1E9517DB14E}.Debug|Any CPU.ActiveCfg = Debug|Any CPU
		{6D21205D-C930-4DB7-8B08-D1E9517DB14E}.Debug|Any CPU.Build.0 = Debug|Any CPU
		{6D21205D-C930-4DB7-8B08-D1E9517DB14E}.Release|Any CPU.ActiveCfg = Release|Any CPU
		{6D21205D-C930-4DB7-8B08-D1E9517DB14E}.Release|Any CPU.Build.0 = Release|Any CPU
		{B5FCF6DB-E519-4986-99E0-AC19AA9DE7DE}.Debug|Any CPU.ActiveCfg = Debug|Any CPU
		{B5FCF6DB-E519-4986-99E0-AC19AA9DE7DE}.Debug|Any CPU.Build.0 = Debug|Any CPU
		{B5FCF6DB-E519-4986-99E0-AC19AA9DE7DE}.Release|Any CPU.ActiveCfg = Release|Any CPU
		{B5FCF6DB-E519-4986-99E0-AC19AA9DE7DE}.Release|Any CPU.Build.0 = Release|Any CPU
		{7C43DA25-0A59-47B8-A2B0-F956153C6719}.Debug|Any CPU.ActiveCfg = Debug|Any CPU
		{7C43DA25-0A59-47B8-A2B0-F956153C6719}.Debug|Any CPU.Build.0 = Debug|Any CPU
		{7C43DA25-0A59-47B8-A2B0-F956153C6719}.Release|Any CPU.ActiveCfg = Release|Any CPU
		{7C43DA25-0A59-47B8-A2B0-F956153C6719}.Release|Any CPU.Build.0 = Release|Any CPU
		{B9F40DFD-0D6A-4105-A7B7-157B31516B2C}.Debug|Any CPU.ActiveCfg = Debug|Any CPU
		{B9F40DFD-0D6A-4105-A7B7-157B31516B2C}.Debug|Any CPU.Build.0 = Debug|Any CPU
		{B9F40DFD-0D6A-4105-A7B7-157B31516B2C}.Release|Any CPU.ActiveCfg = Release|Any CPU
		{B9F40DFD-0D6A-4105-A7B7-157B31516B2C}.Release|Any CPU.Build.0 = Release|Any CPU
		{40A061C4-1589-4F24-8AA3-82A6C5F60998}.Debug|Any CPU.ActiveCfg = Debug|Any CPU
		{40A061C4-1589-4F24-8AA3-82A6C5F60998}.Debug|Any CPU.Build.0 = Debug|Any CPU
		{40A061C4-1589-4F24-8AA3-82A6C5F60998}.Release|Any CPU.ActiveCfg = Release|Any CPU
		{40A061C4-1589-4F24-8AA3-82A6C5F60998}.Release|Any CPU.Build.0 = Release|Any CPU
		{08A093CC-0B8E-4E1C-A36D-F403F164266F}.Debug|Any CPU.ActiveCfg = Debug|Any CPU
		{08A093CC-0B8E-4E1C-A36D-F403F164266F}.Debug|Any CPU.Build.0 = Debug|Any CPU
		{08A093CC-0B8E-4E1C-A36D-F403F164266F}.Release|Any CPU.ActiveCfg = Release|Any CPU
		{08A093CC-0B8E-4E1C-A36D-F403F164266F}.Release|Any CPU.Build.0 = Release|Any CPU
		{5141B7B2-A07B-426E-8569-D8538EC0C224}.Debug|Any CPU.ActiveCfg = Debug|Any CPU
		{5141B7B2-A07B-426E-8569-D8538EC0C224}.Debug|Any CPU.Build.0 = Debug|Any CPU
		{5141B7B2-A07B-426E-8569-D8538EC0C224}.Release|Any CPU.ActiveCfg = Release|Any CPU
		{5141B7B2-A07B-426E-8569-D8538EC0C224}.Release|Any CPU.Build.0 = Release|Any CPU
	EndGlobalSection
	GlobalSection(SolutionProperties) = preSolution
		HideSolutionNode = FALSE
	EndGlobalSection
	GlobalSection(NestedProjects) = preSolution
		{F078304F-8B41-4A1E-9743-3D237BF3290B} = {6CD04262-1C23-44E6-A6E1-84E878680E8F}
		{AB907096-55F9-42B0-9E06-468FE49492AD} = {6CD04262-1C23-44E6-A6E1-84E878680E8F}
		{CEE62155-8512-4D34-BC97-A22EED34677F} = {6CD04262-1C23-44E6-A6E1-84E878680E8F}
		{3AF0FDC8-C2F6-4BD6-BF66-786CFD004F01} = {AB907096-55F9-42B0-9E06-468FE49492AD}
		{E6A227A1-294C-41A3-95F0-3B43D8F1A95E} = {3AF0FDC8-C2F6-4BD6-BF66-786CFD004F01}
		{87012660-007F-400B-8EA4-9F658120CD4C} = {AB907096-55F9-42B0-9E06-468FE49492AD}
		{AD5FE005-30FC-4C2A-9E79-88B9D5D63DF6} = {AB907096-55F9-42B0-9E06-468FE49492AD}
		{7C477E1C-AA51-4ED4-B3B8-C6DA381FB460} = {AB907096-55F9-42B0-9E06-468FE49492AD}
		{B5FCF6DB-E519-4986-99E0-AC19AA9DE7DE} = {7C477E1C-AA51-4ED4-B3B8-C6DA381FB460}
		{7C43DA25-0A59-47B8-A2B0-F956153C6719} = {87012660-007F-400B-8EA4-9F658120CD4C}
		{B9F40DFD-0D6A-4105-A7B7-157B31516B2C} = {AD5FE005-30FC-4C2A-9E79-88B9D5D63DF6}
		{40A061C4-1589-4F24-8AA3-82A6C5F60998} = {AD5FE005-30FC-4C2A-9E79-88B9D5D63DF6}
		{08A093CC-0B8E-4E1C-A36D-F403F164266F} = {AD5FE005-30FC-4C2A-9E79-88B9D5D63DF6}
		{5141B7B2-A07B-426E-8569-D8538EC0C224} = {AD5FE005-30FC-4C2A-9E79-88B9D5D63DF6}
	EndGlobalSection
	GlobalSection(ExtensibilityGlobals) = postSolution
		SolutionGuid = {C9C48AD9-2913-46A5-89DF-14DA98BD9348}
	EndGlobalSection
EndGlobal
